
Microsoft Visual Studio Solution File, Format Version 12.00
# Visual Studio 15
VisualStudioVersion = 15.0.28307.168
MinimumVisualStudioVersion = 10.0.40219.1
Project("{FAE04EC0-301F-11D3-BF4B-00C04F79EFBC}") = "Linearna_jednadzba", "Linearna_jednadzba\Linearna_jednadzba.csproj", "{7C9CD6E1-9EDE-4166-A324-CCC03A1D3CDE}"
EndProject
Project("{FAE04EC0-301F-11D3-BF4B-00C04F79EFBC}") = "FunctionPanel", "FunctionPanel\FunctionPanel\FunctionPanel.csproj", "{6328B39B-C3B9-41BE-A7D6-2C4019AB4DB0}"
EndProject
Global
	GlobalSection(SolutionConfigurationPlatforms) = preSolution
		Debug|Any CPU = Debug|Any CPU
		Release|Any CPU = Release|Any CPU
	EndGlobalSection
	GlobalSection(ProjectConfigurationPlatforms) = postSolution
		{7C9CD6E1-9EDE-4166-A324-CCC03A1D3CDE}.Debug|Any CPU.ActiveCfg = Debug|Any CPU
		{7C9CD6E1-9EDE-4166-A324-CCC03A1D3CDE}.Debug|Any CPU.Build.0 = Debug|Any CPU
		{7C9CD6E1-9EDE-4166-A324-CCC03A1D3CDE}.Release|Any CPU.ActiveCfg = Release|Any CPU
		{7C9CD6E1-9EDE-4166-A324-CCC03A1D3CDE}.Release|Any CPU.Build.0 = Release|Any CPU
		{6328B39B-C3B9-41BE-A7D6-2C4019AB4DB0}.Debug|Any CPU.ActiveCfg = Debug|Any CPU
		{6328B39B-C3B9-41BE-A7D6-2C4019AB4DB0}.Debug|Any CPU.Build.0 = Debug|Any CPU
		{6328B39B-C3B9-41BE-A7D6-2C4019AB4DB0}.Release|Any CPU.ActiveCfg = Release|Any CPU
		{6328B39B-C3B9-41BE-A7D6-2C4019AB4DB0}.Release|Any CPU.Build.0 = Release|Any CPU
	EndGlobalSection
	GlobalSection(SolutionProperties) = preSolution
		HideSolutionNode = FALSE
	EndGlobalSection
	GlobalSection(ExtensibilityGlobals) = postSolution
		SolutionGuid = {580C41B0-B0AD-4EA5-9919-9DE90489364E}
	EndGlobalSection
EndGlobal
